<<<<<<< HEAD
﻿
Microsoft Visual Studio Solution File, Format Version 12.00
# Visual Studio Version 17
VisualStudioVersion = 17.1.32210.238
MinimumVisualStudioVersion = 10.0.40219.1
Project("{9A19103F-16F7-4668-BE54-9A1E7A4F7556}") = "Swift_API", "API\Swift_API.csproj", "{C4C0B8D9-E3FD-4227-A37A-ADF26256CEE9}"
EndProject
Global
	GlobalSection(SolutionConfigurationPlatforms) = preSolution
		Debug|Any CPU = Debug|Any CPU
		Release|Any CPU = Release|Any CPU
	EndGlobalSection
	GlobalSection(ProjectConfigurationPlatforms) = postSolution
		{C4C0B8D9-E3FD-4227-A37A-ADF26256CEE9}.Debug|Any CPU.ActiveCfg = Debug|Any CPU
		{C4C0B8D9-E3FD-4227-A37A-ADF26256CEE9}.Debug|Any CPU.Build.0 = Debug|Any CPU
		{C4C0B8D9-E3FD-4227-A37A-ADF26256CEE9}.Release|Any CPU.ActiveCfg = Release|Any CPU
		{C4C0B8D9-E3FD-4227-A37A-ADF26256CEE9}.Release|Any CPU.Build.0 = Release|Any CPU
	EndGlobalSection
	GlobalSection(SolutionProperties) = preSolution
		HideSolutionNode = FALSE
	EndGlobalSection
	GlobalSection(ExtensibilityGlobals) = postSolution
		SolutionGuid = {B4FB2524-8154-4880-810D-864FAD62F065}
	EndGlobalSection
EndGlobal
=======
﻿
Microsoft Visual Studio Solution File, Format Version 12.00
# Visual Studio Version 17
VisualStudioVersion = 17.1.32210.238
MinimumVisualStudioVersion = 10.0.40219.1
Project("{FAE04EC0-301F-11D3-BF4B-00C04F79EFBC}") = "Swift_API", "Swift_API.csproj", "{DB6E637E-A42B-4975-8165-62C82B108BAE}"
EndProject
Global
	GlobalSection(SolutionConfigurationPlatforms) = preSolution
		Debug|Any CPU = Debug|Any CPU
		Release|Any CPU = Release|Any CPU
	EndGlobalSection
	GlobalSection(ProjectConfigurationPlatforms) = postSolution
		{DB6E637E-A42B-4975-8165-62C82B108BAE}.Debug|Any CPU.ActiveCfg = Debug|Any CPU
		{DB6E637E-A42B-4975-8165-62C82B108BAE}.Debug|Any CPU.Build.0 = Debug|Any CPU
		{DB6E637E-A42B-4975-8165-62C82B108BAE}.Release|Any CPU.ActiveCfg = Release|Any CPU
		{DB6E637E-A42B-4975-8165-62C82B108BAE}.Release|Any CPU.Build.0 = Release|Any CPU
	EndGlobalSection
	GlobalSection(SolutionProperties) = preSolution
		HideSolutionNode = FALSE
	EndGlobalSection
	GlobalSection(ExtensibilityGlobals) = postSolution
		SolutionGuid = {B4FB2524-8154-4880-810D-864FAD62F065}
	EndGlobalSection
EndGlobal
>>>>>>> 23f0d9aea8514ae9fb551607c0ee8c1151602468
